
Microsoft Visual Studio Solution File, Format Version 12.00
# Visual Studio 15
VisualStudioVersion = 15.0.27130.2010
MinimumVisualStudioVersion = 10.0.40219.1
Project("{FAE04EC0-301F-11D3-BF4B-00C04F79EFBC}") = "sample-web-api", "sample-web-api\sample-web-api.csproj", "{C7E14890-C4D1-4B99-8F3E-06FF5962C73D}"
EndProject
Global
	GlobalSection(SolutionConfigurationPlatforms) = preSolution
		Debug|Any CPU = Debug|Any CPU
		Release|Any CPU = Release|Any CPU
	EndGlobalSection
	GlobalSection(ProjectConfigurationPlatforms) = postSolution
		{C7E14890-C4D1-4B99-8F3E-06FF5962C73D}.Debug|Any CPU.ActiveCfg = Debug|Any CPU
		{C7E14890-C4D1-4B99-8F3E-06FF5962C73D}.Debug|Any CPU.Build.0 = Debug|Any CPU
		{C7E14890-C4D1-4B99-8F3E-06FF5962C73D}.Release|Any CPU.ActiveCfg = Release|Any CPU
		{C7E14890-C4D1-4B99-8F3E-06FF5962C73D}.Release|Any CPU.Build.0 = Release|Any CPU
	EndGlobalSection
	GlobalSection(SolutionProperties) = preSolution
		HideSolutionNode = FALSE
	EndGlobalSection
	GlobalSection(ExtensibilityGlobals) = postSolution
		SolutionGuid = {29C3CE20-2D7A-4D83-80C5-81BD6581C7AF}
	EndGlobalSection
EndGlobal
